
Microsoft Visual Studio Solution File, Format Version 12.00
# Visual Studio Version 16
VisualStudioVersion = 16.0.30907.101
MinimumVisualStudioVersion = 10.0.40219.1
Project("{FAE04EC0-301F-11D3-BF4B-00C04F79EFBC}") = "QLKho_Project", "QLKho_Project\QLKho_Project.csproj", "{C7586554-52AD-4100-BA36-640F4737EC89}"
EndProject
Project("{FAE04EC0-301F-11D3-BF4B-00C04F79EFBC}") = "Model", "Model\Model.csproj", "{07705D6F-746A-4DED-B3E4-7DB1A4F41C8C}"
EndProject
Global
	GlobalSection(SolutionConfigurationPlatforms) = preSolution
		Debug|Any CPU = Debug|Any CPU
		Release|Any CPU = Release|Any CPU
	EndGlobalSection
	GlobalSection(ProjectConfigurationPlatforms) = postSolution
		{C7586554-52AD-4100-BA36-640F4737EC89}.Debug|Any CPU.ActiveCfg = Debug|Any CPU
		{C7586554-52AD-4100-BA36-640F4737EC89}.Debug|Any CPU.Build.0 = Debug|Any CPU
		{C7586554-52AD-4100-BA36-640F4737EC89}.Release|Any CPU.ActiveCfg = Release|Any CPU
		{C7586554-52AD-4100-BA36-640F4737EC89}.Release|Any CPU.Build.0 = Release|Any CPU
		{07705D6F-746A-4DED-B3E4-7DB1A4F41C8C}.Debug|Any CPU.ActiveCfg = Debug|Any CPU
		{07705D6F-746A-4DED-B3E4-7DB1A4F41C8C}.Debug|Any CPU.Build.0 = Debug|Any CPU
		{07705D6F-746A-4DED-B3E4-7DB1A4F41C8C}.Release|Any CPU.ActiveCfg = Release|Any CPU
		{07705D6F-746A-4DED-B3E4-7DB1A4F41C8C}.Release|Any CPU.Build.0 = Release|Any CPU
	EndGlobalSection
	GlobalSection(SolutionProperties) = preSolution
		HideSolutionNode = FALSE
	EndGlobalSection
	GlobalSection(ExtensibilityGlobals) = postSolution
		SolutionGuid = {0A6279E6-0B8E-41F8-82A7-1838BAFA69BB}
	EndGlobalSection
EndGlobal
